
Microsoft Visual Studio Solution File, Format Version 12.00
# Visual Studio Version 17
VisualStudioVersion = 17.13.35919.96
MinimumVisualStudioVersion = 10.0.40219.1
Project("{9A19103F-16F7-4668-BE54-9A1E7A4F7556}") = "demo", "demo\demo.csproj", "{D5785F9C-0ADE-4572-9D8A-5E22AF05FBD7}"
EndProject
Project("{2150E333-8FDC-42A3-9474-1A3956D46DE8}") = "Solution Items", "Solution Items", "{CDC6AC9B-34B1-42C4-923E-29BE4B2CC24A}"
	ProjectSection(SolutionItems) = preProject
		.gitignore = .gitignore
	EndProjectSection
EndProject
Global
	GlobalSection(SolutionConfigurationPlatforms) = preSolution
		Debug|Any CPU = Debug|Any CPU
		Release|Any CPU = Release|Any CPU
	EndGlobalSection
	GlobalSection(ProjectConfigurationPlatforms) = postSolution
		{D5785F9C-0ADE-4572-9D8A-5E22AF05FBD7}.Debug|Any CPU.ActiveCfg = Debug|Any CPU
		{D5785F9C-0ADE-4572-9D8A-5E22AF05FBD7}.Debug|Any CPU.Build.0 = Debug|Any CPU
		{D5785F9C-0ADE-4572-9D8A-5E22AF05FBD7}.Release|Any CPU.ActiveCfg = Release|Any CPU
		{D5785F9C-0ADE-4572-9D8A-5E22AF05FBD7}.Release|Any CPU.Build.0 = Release|Any CPU
	EndGlobalSection
	GlobalSection(SolutionProperties) = preSolution
		HideSolutionNode = FALSE
	EndGlobalSection
	GlobalSection(ExtensibilityGlobals) = postSolution
		SolutionGuid = {1557F133-5C09-4EEC-B204-7D99826F647D}
	EndGlobalSection
EndGlobal
